
Microsoft Visual Studio Solution File, Format Version 12.00
# Visual Studio Version 17
VisualStudioVersion = 17.9.34622.214
MinimumVisualStudioVersion = 10.0.40219.1
Project("{FAE04EC0-301F-11D3-BF4B-00C04F79EFBC}") = "Text Editor", "Text Editor\Text Editor.csproj", "{B0381C05-FAB2-4C57-AB21-3DE91E547ABB}"
EndProject
Global
	GlobalSection(SolutionConfigurationPlatforms) = preSolution
		Debug|Any CPU = Debug|Any CPU
		Release|Any CPU = Release|Any CPU
	EndGlobalSection
	GlobalSection(ProjectConfigurationPlatforms) = postSolution
		{B0381C05-FAB2-4C57-AB21-3DE91E547ABB}.Debug|Any CPU.ActiveCfg = Debug|Any CPU
		{B0381C05-FAB2-4C57-AB21-3DE91E547ABB}.Debug|Any CPU.Build.0 = Debug|Any CPU
		{B0381C05-FAB2-4C57-AB21-3DE91E547ABB}.Release|Any CPU.ActiveCfg = Release|Any CPU
		{B0381C05-FAB2-4C57-AB21-3DE91E547ABB}.Release|Any CPU.Build.0 = Release|Any CPU
	EndGlobalSection
	GlobalSection(SolutionProperties) = preSolution
		HideSolutionNode = FALSE
	EndGlobalSection
	GlobalSection(ExtensibilityGlobals) = postSolution
		SolutionGuid = {1DADBE20-6BF6-4251-A95C-FF042DC584FE}
	EndGlobalSection
EndGlobal
